
Microsoft Visual Studio Solution File, Format Version 12.00
# Visual Studio 2013
VisualStudioVersion = 12.0.30723.0
MinimumVisualStudioVersion = 10.0.40219.1
Project("{FAE04EC0-301F-11D3-BF4B-00C04F79EFBC}") = "VcardCrmImporter", "VcardCrmImporter\VcardCrmImporter.csproj", "{958F3C9A-C5BB-41B1-B904-B169F3858227}"
EndProject
Project("{2150E333-8FDC-42A3-9474-1A3956D46DE8}") = "PublishScripts", "PublishScripts", "{A153F479-5571-45F7-A5C1-B60A134E75F9}"
	ProjectSection(SolutionItems) = preProject
		PublishScripts\AzureWebsitePublishModule.psm1 = PublishScripts\AzureWebsitePublishModule.psm1
		PublishScripts\Publish-WebApplicationWebsite.ps1 = PublishScripts\Publish-WebApplicationWebsite.ps1
	EndProjectSection
EndProject
Project("{2150E333-8FDC-42A3-9474-1A3956D46DE8}") = "Configurations", "Configurations", "{4559C138-F7A3-482A-8A72-1C63394CB9E8}"
	ProjectSection(SolutionItems) = preProject
		PublishScripts\Configurations\VcardCrmImporter-WAWS-dev.json = PublishScripts\Configurations\VcardCrmImporter-WAWS-dev.json
	EndProjectSection
EndProject
Project("{FAE04EC0-301F-11D3-BF4B-00C04F79EFBC}") = "CrmWrapper", "CrmWrapper\CrmWrapper.csproj", "{C6C1CC0F-D44D-4EF6-BDCD-D9BD43075018}"
EndProject
Global
	GlobalSection(SolutionConfigurationPlatforms) = preSolution
		Debug|Any CPU = Debug|Any CPU
		DebugLocal|Any CPU = DebugLocal|Any CPU
		Release|Any CPU = Release|Any CPU
	EndGlobalSection
	GlobalSection(ProjectConfigurationPlatforms) = postSolution
		{958F3C9A-C5BB-41B1-B904-B169F3858227}.Debug|Any CPU.ActiveCfg = Debug|Any CPU
		{958F3C9A-C5BB-41B1-B904-B169F3858227}.Debug|Any CPU.Build.0 = Debug|Any CPU
		{958F3C9A-C5BB-41B1-B904-B169F3858227}.DebugLocal|Any CPU.ActiveCfg = Debug|Any CPU
		{958F3C9A-C5BB-41B1-B904-B169F3858227}.DebugLocal|Any CPU.Build.0 = Debug|Any CPU
		{958F3C9A-C5BB-41B1-B904-B169F3858227}.Release|Any CPU.ActiveCfg = Release|Any CPU
		{958F3C9A-C5BB-41B1-B904-B169F3858227}.Release|Any CPU.Build.0 = Release|Any CPU
		{C6C1CC0F-D44D-4EF6-BDCD-D9BD43075018}.Debug|Any CPU.ActiveCfg = Debug|Any CPU
		{C6C1CC0F-D44D-4EF6-BDCD-D9BD43075018}.Debug|Any CPU.Build.0 = Debug|Any CPU
		{C6C1CC0F-D44D-4EF6-BDCD-D9BD43075018}.DebugLocal|Any CPU.ActiveCfg = DebugLocal|Any CPU
		{C6C1CC0F-D44D-4EF6-BDCD-D9BD43075018}.DebugLocal|Any CPU.Build.0 = DebugLocal|Any CPU
		{C6C1CC0F-D44D-4EF6-BDCD-D9BD43075018}.Release|Any CPU.ActiveCfg = Release|Any CPU
		{C6C1CC0F-D44D-4EF6-BDCD-D9BD43075018}.Release|Any CPU.Build.0 = Release|Any CPU
	EndGlobalSection
	GlobalSection(SolutionProperties) = preSolution
		HideSolutionNode = FALSE
	EndGlobalSection
	GlobalSection(NestedProjects) = preSolution
		{4559C138-F7A3-482A-8A72-1C63394CB9E8} = {A153F479-5571-45F7-A5C1-B60A134E75F9}
	EndGlobalSection
EndGlobal
